
Microsoft Visual Studio Solution File, Format Version 12.00
# Visual Studio 15
VisualStudioVersion = 15.0.28307.329
MinimumVisualStudioVersion = 10.0.40219.1
Project("{FAE04EC0-301F-11D3-BF4B-00C04F79EFBC}") = "CapEnum", "CapEnum\CapEnum.csproj", "{F68B239D-8987-48A3-973D-65BE989F3CF1}"
EndProject
Global
	GlobalSection(SolutionConfigurationPlatforms) = preSolution
		Debug|Any CPU = Debug|Any CPU
		Release|Any CPU = Release|Any CPU
	EndGlobalSection
	GlobalSection(ProjectConfigurationPlatforms) = postSolution
		{F68B239D-8987-48A3-973D-65BE989F3CF1}.Debug|Any CPU.ActiveCfg = Debug|Any CPU
		{F68B239D-8987-48A3-973D-65BE989F3CF1}.Debug|Any CPU.Build.0 = Debug|Any CPU
		{F68B239D-8987-48A3-973D-65BE989F3CF1}.Release|Any CPU.ActiveCfg = Release|Any CPU
		{F68B239D-8987-48A3-973D-65BE989F3CF1}.Release|Any CPU.Build.0 = Release|Any CPU
	EndGlobalSection
	GlobalSection(SolutionProperties) = preSolution
		HideSolutionNode = FALSE
	EndGlobalSection
	GlobalSection(ExtensibilityGlobals) = postSolution
		SolutionGuid = {8DF398C8-A494-40F4-85D0-1AF766E009A9}
	EndGlobalSection
EndGlobal
